// !$*UTF8*$!
{
	archiveVersion = 1;
	classes = {
	};
	objectVersion = 56;
	objects = {

/* Begin PBXBuildFile section */
		A53D803F2B8D5B300095EB56 /* CodeSearchResultViewModel.swift in Sources */ = {isa = PBXBuildFile; fileRef = A53D803E2B8D5B300095EB56 /* CodeSearchResultViewModel.swift */; };
		A5701CF02B7296C300F126B0 /* NaverShoppingAPIManager.swift in Sources */ = {isa = PBXBuildFile; fileRef = A5701CEF2B7296C300F126B0 /* NaverShoppingAPIManager.swift */; };
		A5701DEA2B7786A400F126B0 /* CodeOnboardingViewController.swift in Sources */ = {isa = PBXBuildFile; fileRef = A5701DE92B7786A400F126B0 /* CodeOnboardingViewController.swift */; };
		A5701DED2B7787D000F126B0 /* BaseViewController.swift in Sources */ = {isa = PBXBuildFile; fileRef = A5701DEC2B7787D000F126B0 /* BaseViewController.swift */; };
		A5701DEF2B77882700F126B0 /* BaseView.swift in Sources */ = {isa = PBXBuildFile; fileRef = A5701DEE2B77882700F126B0 /* BaseView.swift */; };
		A5701DF12B77887F00F126B0 /* CodeOnboardingView.swift in Sources */ = {isa = PBXBuildFile; fileRef = A5701DF02B77887F00F126B0 /* CodeOnboardingView.swift */; };
		A5701DF32B77BC5E00F126B0 /* CodeProfileSettingViewController.swift in Sources */ = {isa = PBXBuildFile; fileRef = A5701DF22B77BC5E00F126B0 /* CodeProfileSettingViewController.swift */; };
		A5701DF52B77C05800F126B0 /* CodeProfileSettingView.swift in Sources */ = {isa = PBXBuildFile; fileRef = A5701DF42B77C05800F126B0 /* CodeProfileSettingView.swift */; };
		A5701DF72B77D78200F126B0 /* CodeSearchView.swift in Sources */ = {isa = PBXBuildFile; fileRef = A5701DF62B77D78200F126B0 /* CodeSearchView.swift */; };
		A5701DFA2B78644D00F126B0 /* CodeSearchResultViewController.swift in Sources */ = {isa = PBXBuildFile; fileRef = A5701DF92B78644D00F126B0 /* CodeSearchResultViewController.swift */; };
		A5701DFC2B78646300F126B0 /* CodeSearchResultView.swift in Sources */ = {isa = PBXBuildFile; fileRef = A5701DFB2B78646300F126B0 /* CodeSearchResultView.swift */; };
		A5701DFE2B7AF28500F126B0 /* CodeSearchResultCollectionViewCell.swift in Sources */ = {isa = PBXBuildFile; fileRef = A5701DFD2B7AF28400F126B0 /* CodeSearchResultCollectionViewCell.swift */; };
		A5701E002B7B03A000F126B0 /* CodeProductWebViewController.swift in Sources */ = {isa = PBXBuildFile; fileRef = A5701DFF2B7B03A000F126B0 /* CodeProductWebViewController.swift */; };
		A5701E022B7B0A4B00F126B0 /* CodeWishViewController.swift in Sources */ = {isa = PBXBuildFile; fileRef = A5701E012B7B0A4B00F126B0 /* CodeWishViewController.swift */; };
		A5701E042B7B0A5D00F126B0 /* CodeWishView.swift in Sources */ = {isa = PBXBuildFile; fileRef = A5701E032B7B0A5D00F126B0 /* CodeWishView.swift */; };
		A59F84452B59049B00F1BA27 /* AppDelegate.swift in Sources */ = {isa = PBXBuildFile; fileRef = A59F84442B59049B00F1BA27 /* AppDelegate.swift */; };
		A59F84472B59049B00F1BA27 /* SceneDelegate.swift in Sources */ = {isa = PBXBuildFile; fileRef = A59F84462B59049B00F1BA27 /* SceneDelegate.swift */; };
		A59F844E2B59049D00F1BA27 /* Assets.xcassets in Resources */ = {isa = PBXBuildFile; fileRef = A59F844D2B59049D00F1BA27 /* Assets.xcassets */; };
		A59F84512B59049D00F1BA27 /* LaunchScreen.storyboard in Resources */ = {isa = PBXBuildFile; fileRef = A59F844F2B59049D00F1BA27 /* LaunchScreen.storyboard */; };
		A5BDFD6A2B62A6A100095511 /* .gitignore in Resources */ = {isa = PBXBuildFile; fileRef = A5BDFD692B62A6A100095511 /* .gitignore */; };
		A5BDFD6D2B62ABC200095511 /* Toast in Frameworks */ = {isa = PBXBuildFile; productRef = A5BDFD6C2B62ABC200095511 /* Toast */; };
		A5BDFD912B66BD3E00095511 /* CodeSearchViewController.swift in Sources */ = {isa = PBXBuildFile; fileRef = A5BDFD902B66BD3E00095511 /* CodeSearchViewController.swift */; };
		A5BDFD962B66C06700095511 /* SnapKit in Frameworks */ = {isa = PBXBuildFile; productRef = A5BDFD952B66C06700095511 /* SnapKit */; };
		A5BDFD982B66C06700095511 /* SnapKit-Dynamic in Frameworks */ = {isa = PBXBuildFile; productRef = A5BDFD972B66C06700095511 /* SnapKit-Dynamic */; };
		A5BDFD9A2B66C47C00095511 /* CodeSearchTableViewCell.swift in Sources */ = {isa = PBXBuildFile; fileRef = A5BDFD992B66C47C00095511 /* CodeSearchTableViewCell.swift */; };
		A5BDFDD32B6792AC00095511 /* CustomTabBarController.swift in Sources */ = {isa = PBXBuildFile; fileRef = A5BDFDD22B6792AC00095511 /* CustomTabBarController.swift */; };
		A5BDFDD82B67E38D00095511 /* ProfileImageUIButton.swift in Sources */ = {isa = PBXBuildFile; fileRef = A5BDFDD72B67E38D00095511 /* ProfileImageUIButton.swift */; };
		A5BDFDDA2B67E5BB00095511 /* CodeProfileImageSettingViewController.swift in Sources */ = {isa = PBXBuildFile; fileRef = A5BDFDD92B67E5BB00095511 /* CodeProfileImageSettingViewController.swift */; };
		A5BDFDDC2B67E9EE00095511 /* CodeProfileImageCollectionViewCell.swift in Sources */ = {isa = PBXBuildFile; fileRef = A5BDFDDB2B67E9EE00095511 /* CodeProfileImageCollectionViewCell.swift */; };
		A5BDFDDE2B6805CC00095511 /* Enum.swift in Sources */ = {isa = PBXBuildFile; fileRef = A5BDFDDD2B6805CC00095511 /* Enum.swift */; };
		A5FA10FC2B8B952500F91C9F /* Observable.swift in Sources */ = {isa = PBXBuildFile; fileRef = A5FA10FB2B8B952500F91C9F /* Observable.swift */; };
		A5FA10FE2B8BED0E00F91C9F /* CodeProfileSettingViewModel.swift in Sources */ = {isa = PBXBuildFile; fileRef = A5FA10FD2B8BED0E00F91C9F /* CodeProfileSettingViewModel.swift */; };
		A5FB78A52B5BFF7200B3D5D9 /* Protocol + Enum.swift in Sources */ = {isa = PBXBuildFile; fileRef = A5FB78A42B5BFF7200B3D5D9 /* Protocol + Enum.swift */; };
		A5FB78A72B5C278700B3D5D9 /* Main.storyboard in Resources */ = {isa = PBXBuildFile; fileRef = A5FB78A62B5C278700B3D5D9 /* Main.storyboard */; };
		A5FB78AF2B5CFB7E00B3D5D9 /* Alamofire in Frameworks */ = {isa = PBXBuildFile; productRef = A5FB78AE2B5CFB7E00B3D5D9 /* Alamofire */; };
		A5FB78B12B5CFC7800B3D5D9 /* APIKey.swift in Sources */ = {isa = PBXBuildFile; fileRef = A5FB78B02B5CFC7800B3D5D9 /* APIKey.swift */; };
		A5FB78B32B5CFEED00B3D5D9 /* NaverShoppingModel.swift in Sources */ = {isa = PBXBuildFile; fileRef = A5FB78B22B5CFEED00B3D5D9 /* NaverShoppingModel.swift */; };
		A5FB78BA2B5D285500B3D5D9 /* Kingfisher in Frameworks */ = {isa = PBXBuildFile; productRef = A5FB78B92B5D285500B3D5D9 /* Kingfisher */; };
		A5FB78C52B5E443D00B3D5D9 /* SettingViewController.swift in Sources */ = {isa = PBXBuildFile; fileRef = A5FB78C42B5E443D00B3D5D9 /* SettingViewController.swift */; };
		A5FB78C82B5E44FD00B3D5D9 /* PersonalInformationTableViewCell.swift in Sources */ = {isa = PBXBuildFile; fileRef = A5FB78C62B5E44FD00B3D5D9 /* PersonalInformationTableViewCell.swift */; };
		A5FB78C92B5E44FD00B3D5D9 /* PersonalInformationTableViewCell.xib in Resources */ = {isa = PBXBuildFile; fileRef = A5FB78C72B5E44FD00B3D5D9 /* PersonalInformationTableViewCell.xib */; };
		A5FB78CC2B5E451100B3D5D9 /* SettingTableViewCell.swift in Sources */ = {isa = PBXBuildFile; fileRef = A5FB78CA2B5E451100B3D5D9 /* SettingTableViewCell.swift */; };
		A5FB78CD2B5E451100B3D5D9 /* SettingTableViewCell.xib in Resources */ = {isa = PBXBuildFile; fileRef = A5FB78CB2B5E451100B3D5D9 /* SettingTableViewCell.xib */; };
/* End PBXBuildFile section */

/* Begin PBXFileReference section */
		A53D803E2B8D5B300095EB56 /* CodeSearchResultViewModel.swift */ = {isa = PBXFileReference; lastKnownFileType = sourcecode.swift; path = CodeSearchResultViewModel.swift; sourceTree = "<group>"; };
		A5701CEF2B7296C300F126B0 /* NaverShoppingAPIManager.swift */ = {isa = PBXFileReference; lastKnownFileType = sourcecode.swift; path = NaverShoppingAPIManager.swift; sourceTree = "<group>"; };
		A5701DE92B7786A400F126B0 /* CodeOnboardingViewController.swift */ = {isa = PBXFileReference; lastKnownFileType = sourcecode.swift; path = CodeOnboardingViewController.swift; sourceTree = "<group>"; };
		A5701DEC2B7787D000F126B0 /* BaseViewController.swift */ = {isa = PBXFileReference; lastKnownFileType = sourcecode.swift; path = BaseViewController.swift; sourceTree = "<group>"; };
		A5701DEE2B77882700F126B0 /* BaseView.swift */ = {isa = PBXFileReference; lastKnownFileType = sourcecode.swift; path = BaseView.swift; sourceTree = "<group>"; };
		A5701DF02B77887F00F126B0 /* CodeOnboardingView.swift */ = {isa = PBXFileReference; lastKnownFileType = sourcecode.swift; path = CodeOnboardingView.swift; sourceTree = "<group>"; };
		A5701DF22B77BC5E00F126B0 /* CodeProfileSettingViewController.swift */ = {isa = PBXFileReference; lastKnownFileType = sourcecode.swift; path = CodeProfileSettingViewController.swift; sourceTree = "<group>"; };
		A5701DF42B77C05800F126B0 /* CodeProfileSettingView.swift */ = {isa = PBXFileReference; lastKnownFileType = sourcecode.swift; path = CodeProfileSettingView.swift; sourceTree = "<group>"; };
		A5701DF62B77D78200F126B0 /* CodeSearchView.swift */ = {isa = PBXFileReference; lastKnownFileType = sourcecode.swift; path = CodeSearchView.swift; sourceTree = "<group>"; };
		A5701DF92B78644D00F126B0 /* CodeSearchResultViewController.swift */ = {isa = PBXFileReference; lastKnownFileType = sourcecode.swift; path = CodeSearchResultViewController.swift; sourceTree = "<group>"; };
		A5701DFB2B78646300F126B0 /* CodeSearchResultView.swift */ = {isa = PBXFileReference; lastKnownFileType = sourcecode.swift; path = CodeSearchResultView.swift; sourceTree = "<group>"; };
		A5701DFD2B7AF28400F126B0 /* CodeSearchResultCollectionViewCell.swift */ = {isa = PBXFileReference; lastKnownFileType = sourcecode.swift; path = CodeSearchResultCollectionViewCell.swift; sourceTree = "<group>"; };
		A5701DFF2B7B03A000F126B0 /* CodeProductWebViewController.swift */ = {isa = PBXFileReference; lastKnownFileType = sourcecode.swift; path = CodeProductWebViewController.swift; sourceTree = "<group>"; };
		A5701E012B7B0A4B00F126B0 /* CodeWishViewController.swift */ = {isa = PBXFileReference; lastKnownFileType = sourcecode.swift; path = CodeWishViewController.swift; sourceTree = "<group>"; };
		A5701E032B7B0A5D00F126B0 /* CodeWishView.swift */ = {isa = PBXFileReference; lastKnownFileType = sourcecode.swift; path = CodeWishView.swift; sourceTree = "<group>"; };
		A59F84412B59049B00F1BA27 /* SeSACRecapAssignment.app */ = {isa = PBXFileReference; explicitFileType = wrapper.application; includeInIndex = 0; path = SeSACRecapAssignment.app; sourceTree = BUILT_PRODUCTS_DIR; };
		A59F84442B59049B00F1BA27 /* AppDelegate.swift */ = {isa = PBXFileReference; lastKnownFileType = sourcecode.swift; path = AppDelegate.swift; sourceTree = "<group>"; };
		A59F84462B59049B00F1BA27 /* SceneDelegate.swift */ = {isa = PBXFileReference; lastKnownFileType = sourcecode.swift; path = SceneDelegate.swift; sourceTree = "<group>"; };
		A59F844D2B59049D00F1BA27 /* Assets.xcassets */ = {isa = PBXFileReference; lastKnownFileType = folder.assetcatalog; path = Assets.xcassets; sourceTree = "<group>"; };
		A59F84502B59049D00F1BA27 /* Base */ = {isa = PBXFileReference; lastKnownFileType = file.storyboard; name = Base; path = Base.lproj/LaunchScreen.storyboard; sourceTree = "<group>"; };
		A59F84522B59049E00F1BA27 /* Info.plist */ = {isa = PBXFileReference; lastKnownFileType = text.plist.xml; path = Info.plist; sourceTree = "<group>"; };
		A5BDFD692B62A6A100095511 /* .gitignore */ = {isa = PBXFileReference; lastKnownFileType = text; path = .gitignore; sourceTree = "<group>"; };
		A5BDFD902B66BD3E00095511 /* CodeSearchViewController.swift */ = {isa = PBXFileReference; lastKnownFileType = sourcecode.swift; path = CodeSearchViewController.swift; sourceTree = "<group>"; };
		A5BDFD992B66C47C00095511 /* CodeSearchTableViewCell.swift */ = {isa = PBXFileReference; lastKnownFileType = sourcecode.swift; path = CodeSearchTableViewCell.swift; sourceTree = "<group>"; };
		A5BDFDD22B6792AC00095511 /* CustomTabBarController.swift */ = {isa = PBXFileReference; lastKnownFileType = sourcecode.swift; path = CustomTabBarController.swift; sourceTree = "<group>"; };
		A5BDFDD72B67E38D00095511 /* ProfileImageUIButton.swift */ = {isa = PBXFileReference; lastKnownFileType = sourcecode.swift; path = ProfileImageUIButton.swift; sourceTree = "<group>"; };
		A5BDFDD92B67E5BB00095511 /* CodeProfileImageSettingViewController.swift */ = {isa = PBXFileReference; lastKnownFileType = sourcecode.swift; path = CodeProfileImageSettingViewController.swift; sourceTree = "<group>"; };
		A5BDFDDB2B67E9EE00095511 /* CodeProfileImageCollectionViewCell.swift */ = {isa = PBXFileReference; lastKnownFileType = sourcecode.swift; path = CodeProfileImageCollectionViewCell.swift; sourceTree = "<group>"; };
		A5BDFDDD2B6805CC00095511 /* Enum.swift */ = {isa = PBXFileReference; lastKnownFileType = sourcecode.swift; path = Enum.swift; sourceTree = "<group>"; };
		A5FA10FB2B8B952500F91C9F /* Observable.swift */ = {isa = PBXFileReference; lastKnownFileType = sourcecode.swift; path = Observable.swift; sourceTree = "<group>"; };
		A5FA10FD2B8BED0E00F91C9F /* CodeProfileSettingViewModel.swift */ = {isa = PBXFileReference; lastKnownFileType = sourcecode.swift; path = CodeProfileSettingViewModel.swift; sourceTree = "<group>"; };
		A5FB78A42B5BFF7200B3D5D9 /* Protocol + Enum.swift */ = {isa = PBXFileReference; lastKnownFileType = sourcecode.swift; path = "Protocol + Enum.swift"; sourceTree = "<group>"; };
		A5FB78A62B5C278700B3D5D9 /* Main.storyboard */ = {isa = PBXFileReference; lastKnownFileType = file.storyboard; path = Main.storyboard; sourceTree = "<group>"; };
		A5FB78B02B5CFC7800B3D5D9 /* APIKey.swift */ = {isa = PBXFileReference; lastKnownFileType = sourcecode.swift; path = APIKey.swift; sourceTree = "<group>"; };
		A5FB78B22B5CFEED00B3D5D9 /* NaverShoppingModel.swift */ = {isa = PBXFileReference; lastKnownFileType = sourcecode.swift; path = NaverShoppingModel.swift; sourceTree = "<group>"; };
		A5FB78C42B5E443D00B3D5D9 /* SettingViewController.swift */ = {isa = PBXFileReference; lastKnownFileType = sourcecode.swift; path = SettingViewController.swift; sourceTree = "<group>"; };
		A5FB78C62B5E44FD00B3D5D9 /* PersonalInformationTableViewCell.swift */ = {isa = PBXFileReference; lastKnownFileType = sourcecode.swift; path = PersonalInformationTableViewCell.swift; sourceTree = "<group>"; };
		A5FB78C72B5E44FD00B3D5D9 /* PersonalInformationTableViewCell.xib */ = {isa = PBXFileReference; lastKnownFileType = file.xib; path = PersonalInformationTableViewCell.xib; sourceTree = "<group>"; };
		A5FB78CA2B5E451100B3D5D9 /* SettingTableViewCell.swift */ = {isa = PBXFileReference; lastKnownFileType = sourcecode.swift; path = SettingTableViewCell.swift; sourceTree = "<group>"; };
		A5FB78CB2B5E451100B3D5D9 /* SettingTableViewCell.xib */ = {isa = PBXFileReference; lastKnownFileType = file.xib; path = SettingTableViewCell.xib; sourceTree = "<group>"; };
/* End PBXFileReference section */

/* Begin PBXFrameworksBuildPhase section */
		A59F843E2B59049B00F1BA27 /* Frameworks */ = {
			isa = PBXFrameworksBuildPhase;
			buildActionMask = 2147483647;
			files = (
				A5BDFD982B66C06700095511 /* SnapKit-Dynamic in Frameworks */,
				A5BDFD6D2B62ABC200095511 /* Toast in Frameworks */,
				A5BDFD962B66C06700095511 /* SnapKit in Frameworks */,
				A5FB78BA2B5D285500B3D5D9 /* Kingfisher in Frameworks */,
				A5FB78AF2B5CFB7E00B3D5D9 /* Alamofire in Frameworks */,
			);
			runOnlyForDeploymentPostprocessing = 0;
		};
/* End PBXFrameworksBuildPhase section */

/* Begin PBXGroup section */
		A5701DEB2B7787BF00F126B0 /* BaseView */ = {
			isa = PBXGroup;
			children = (
				A5701DEC2B7787D000F126B0 /* BaseViewController.swift */,
				A5701DEE2B77882700F126B0 /* BaseView.swift */,
			);
			path = BaseView;
			sourceTree = "<group>";
		};
		A5701DF82B785BCC00F126B0 /* Network */ = {
			isa = PBXGroup;
			children = (
				A5701CEF2B7296C300F126B0 /* NaverShoppingAPIManager.swift */,
				A5FB78B22B5CFEED00B3D5D9 /* NaverShoppingModel.swift */,
				A5FB78B02B5CFC7800B3D5D9 /* APIKey.swift */,
			);
			path = Network;
			sourceTree = "<group>";
		};
		A59F84382B59049B00F1BA27 = {
			isa = PBXGroup;
			children = (
				A5BDFD692B62A6A100095511 /* .gitignore */,
				A5701DEB2B7787BF00F126B0 /* BaseView */,
				A5BDFDD42B67DEE500095511 /* CustomView */,
				A5BDFDD12B67928800095511 /* CustomTabBar */,
				A5701DF82B785BCC00F126B0 /* Network */,
				A59F84432B59049B00F1BA27 /* SeSACRecapAssignment */,
				A59F84422B59049B00F1BA27 /* Products */,
			);
			sourceTree = "<group>";
		};
		A59F84422B59049B00F1BA27 /* Products */ = {
			isa = PBXGroup;
			children = (
				A59F84412B59049B00F1BA27 /* SeSACRecapAssignment.app */,
			);
			name = Products;
			sourceTree = "<group>";
		};
		A59F84432B59049B00F1BA27 /* SeSACRecapAssignment */ = {
			isa = PBXGroup;
			children = (
				A5FB78A32B5BFF4E00B3D5D9 /* Protocol + Enum */,
				A59F84582B59093600F1BA27 /* Onboarding */,
				A5FB78A82B5C278C00B3D5D9 /* Shopping */,
				A5FB78C32B5E436C00B3D5D9 /* Setting */,
				A5BDFD6F2B62AFA100095511 /* WishList */,
				A59F84442B59049B00F1BA27 /* AppDelegate.swift */,
				A59F84462B59049B00F1BA27 /* SceneDelegate.swift */,
				A5FB78A62B5C278700B3D5D9 /* Main.storyboard */,
				A59F844D2B59049D00F1BA27 /* Assets.xcassets */,
				A59F844F2B59049D00F1BA27 /* LaunchScreen.storyboard */,
				A59F84522B59049E00F1BA27 /* Info.plist */,
				A5BDFDDD2B6805CC00095511 /* Enum.swift */,
				A5FA10FB2B8B952500F91C9F /* Observable.swift */,
			);
			path = SeSACRecapAssignment;
			sourceTree = "<group>";
		};
		A59F84582B59093600F1BA27 /* Onboarding */ = {
			isa = PBXGroup;
			children = (
				A5701DE92B7786A400F126B0 /* CodeOnboardingViewController.swift */,
				A5701DF02B77887F00F126B0 /* CodeOnboardingView.swift */,
				A5701DF22B77BC5E00F126B0 /* CodeProfileSettingViewController.swift */,
				A5701DF42B77C05800F126B0 /* CodeProfileSettingView.swift */,
				A5FA10FD2B8BED0E00F91C9F /* CodeProfileSettingViewModel.swift */,
				A5BDFDD92B67E5BB00095511 /* CodeProfileImageSettingViewController.swift */,
				A5BDFDDB2B67E9EE00095511 /* CodeProfileImageCollectionViewCell.swift */,
			);
			path = Onboarding;
			sourceTree = "<group>";
		};
		A5BDFD6F2B62AFA100095511 /* WishList */ = {
			isa = PBXGroup;
			children = (
				A5701E012B7B0A4B00F126B0 /* CodeWishViewController.swift */,
				A5701E032B7B0A5D00F126B0 /* CodeWishView.swift */,
			);
			path = WishList;
			sourceTree = "<group>";
		};
		A5BDFDD12B67928800095511 /* CustomTabBar */ = {
			isa = PBXGroup;
			children = (
				A5BDFDD22B6792AC00095511 /* CustomTabBarController.swift */,
			);
			path = CustomTabBar;
			sourceTree = "<group>";
		};
		A5BDFDD42B67DEE500095511 /* CustomView */ = {
			isa = PBXGroup;
			children = (
				A5BDFDD72B67E38D00095511 /* ProfileImageUIButton.swift */,
			);
			path = CustomView;
			sourceTree = "<group>";
		};
		A5FB78A32B5BFF4E00B3D5D9 /* Protocol + Enum */ = {
			isa = PBXGroup;
			children = (
				A5FB78A42B5BFF7200B3D5D9 /* Protocol + Enum.swift */,
			);
			path = "Protocol + Enum";
			sourceTree = "<group>";
		};
		A5FB78A82B5C278C00B3D5D9 /* Shopping */ = {
			isa = PBXGroup;
			children = (
				A5BDFD902B66BD3E00095511 /* CodeSearchViewController.swift */,
				A5701DF62B77D78200F126B0 /* CodeSearchView.swift */,
				A5BDFD992B66C47C00095511 /* CodeSearchTableViewCell.swift */,
				A5701DF92B78644D00F126B0 /* CodeSearchResultViewController.swift */,
				A5701DFB2B78646300F126B0 /* CodeSearchResultView.swift */,
				A53D803E2B8D5B300095EB56 /* CodeSearchResultViewModel.swift */,
				A5701DFD2B7AF28400F126B0 /* CodeSearchResultCollectionViewCell.swift */,
				A5701DFF2B7B03A000F126B0 /* CodeProductWebViewController.swift */,
			);
			path = Shopping;
			sourceTree = "<group>";
		};
		A5FB78C32B5E436C00B3D5D9 /* Setting */ = {
			isa = PBXGroup;
			children = (
				A5FB78C42B5E443D00B3D5D9 /* SettingViewController.swift */,
				A5FB78C62B5E44FD00B3D5D9 /* PersonalInformationTableViewCell.swift */,
				A5FB78C72B5E44FD00B3D5D9 /* PersonalInformationTableViewCell.xib */,
				A5FB78CA2B5E451100B3D5D9 /* SettingTableViewCell.swift */,
				A5FB78CB2B5E451100B3D5D9 /* SettingTableViewCell.xib */,
			);
			path = Setting;
			sourceTree = "<group>";
		};
/* End PBXGroup section */

/* Begin PBXNativeTarget section */
		A59F84402B59049B00F1BA27 /* SeSACRecapAssignment */ = {
			isa = PBXNativeTarget;
			buildConfigurationList = A59F84552B59049E00F1BA27 /* Build configuration list for PBXNativeTarget "SeSACRecapAssignment" */;
			buildPhases = (
				A59F843D2B59049B00F1BA27 /* Sources */,
				A59F843E2B59049B00F1BA27 /* Frameworks */,
				A59F843F2B59049B00F1BA27 /* Resources */,
			);
			buildRules = (
			);
			dependencies = (
			);
			name = SeSACRecapAssignment;
			packageProductDependencies = (
				A5FB78AE2B5CFB7E00B3D5D9 /* Alamofire */,
				A5FB78B92B5D285500B3D5D9 /* Kingfisher */,
				A5BDFD6C2B62ABC200095511 /* Toast */,
				A5BDFD952B66C06700095511 /* SnapKit */,
				A5BDFD972B66C06700095511 /* SnapKit-Dynamic */,
			);
			productName = SeSACRecapAssignment;
			productReference = A59F84412B59049B00F1BA27 /* SeSACRecapAssignment.app */;
			productType = "com.apple.product-type.application";
		};
/* End PBXNativeTarget section */

/* Begin PBXProject section */
		A59F84392B59049B00F1BA27 /* Project object */ = {
			isa = PBXProject;
			attributes = {
				BuildIndependentTargetsInParallel = 1;
				LastSwiftUpdateCheck = 1520;
				LastUpgradeCheck = 1520;
				TargetAttributes = {
					A59F84402B59049B00F1BA27 = {
						CreatedOnToolsVersion = 15.2;
					};
				};
			};
			buildConfigurationList = A59F843C2B59049B00F1BA27 /* Build configuration list for PBXProject "SeSACRecapAssignment" */;
			compatibilityVersion = "Xcode 14.0";
			developmentRegion = en;
			hasScannedForEncodings = 0;
			knownRegions = (
				en,
				Base,
			);
			mainGroup = A59F84382B59049B00F1BA27;
			packageReferences = (
				A5FB78AD2B5CFB7E00B3D5D9 /* XCRemoteSwiftPackageReference "Alamofire" */,
				A5FB78B82B5D285500B3D5D9 /* XCRemoteSwiftPackageReference "Kingfisher" */,
				A5BDFD6B2B62ABC200095511 /* XCRemoteSwiftPackageReference "Toast-Swift" */,
				A5BDFD942B66C06700095511 /* XCRemoteSwiftPackageReference "SnapKit" */,
			);
			productRefGroup = A59F84422B59049B00F1BA27 /* Products */;
			projectDirPath = "";
			projectRoot = "";
			targets = (
				A59F84402B59049B00F1BA27 /* SeSACRecapAssignment */,
			);
		};
/* End PBXProject section */

/* Begin PBXResourcesBuildPhase section */
		A59F843F2B59049B00F1BA27 /* Resources */ = {
			isa = PBXResourcesBuildPhase;
			buildActionMask = 2147483647;
			files = (
				A5FB78C92B5E44FD00B3D5D9 /* PersonalInformationTableViewCell.xib in Resources */,
				A5BDFD6A2B62A6A100095511 /* .gitignore in Resources */,
				A59F84512B59049D00F1BA27 /* LaunchScreen.storyboard in Resources */,
				A5FB78CD2B5E451100B3D5D9 /* SettingTableViewCell.xib in Resources */,
				A59F844E2B59049D00F1BA27 /* Assets.xcassets in Resources */,
				A5FB78A72B5C278700B3D5D9 /* Main.storyboard in Resources */,
			);
			runOnlyForDeploymentPostprocessing = 0;
		};
/* End PBXResourcesBuildPhase section */

/* Begin PBXSourcesBuildPhase section */
		A59F843D2B59049B00F1BA27 /* Sources */ = {
			isa = PBXSourcesBuildPhase;
			buildActionMask = 2147483647;
			files = (
				A5701DFC2B78646300F126B0 /* CodeSearchResultView.swift in Sources */,
				A5BDFD9A2B66C47C00095511 /* CodeSearchTableViewCell.swift in Sources */,
				A5701DFE2B7AF28500F126B0 /* CodeSearchResultCollectionViewCell.swift in Sources */,
				A5701E022B7B0A4B00F126B0 /* CodeWishViewController.swift in Sources */,
				A5701DEF2B77882700F126B0 /* BaseView.swift in Sources */,
				A5701DF32B77BC5E00F126B0 /* CodeProfileSettingViewController.swift in Sources */,
				A5BDFDD82B67E38D00095511 /* ProfileImageUIButton.swift in Sources */,
				A5701DF72B77D78200F126B0 /* CodeSearchView.swift in Sources */,
				A5701DFA2B78644D00F126B0 /* CodeSearchResultViewController.swift in Sources */,
				A5BDFDDE2B6805CC00095511 /* Enum.swift in Sources */,
				A5BDFDDA2B67E5BB00095511 /* CodeProfileImageSettingViewController.swift in Sources */,
				A5FB78B12B5CFC7800B3D5D9 /* APIKey.swift in Sources */,
				A5BDFDD32B6792AC00095511 /* CustomTabBarController.swift in Sources */,
				A5FB78C52B5E443D00B3D5D9 /* SettingViewController.swift in Sources */,
				A5FB78CC2B5E451100B3D5D9 /* SettingTableViewCell.swift in Sources */,
				A59F84452B59049B00F1BA27 /* AppDelegate.swift in Sources */,
				A59F84472B59049B00F1BA27 /* SceneDelegate.swift in Sources */,
				A5BDFDDC2B67E9EE00095511 /* CodeProfileImageCollectionViewCell.swift in Sources */,
				A5701CF02B7296C300F126B0 /* NaverShoppingAPIManager.swift in Sources */,
				A5FA10FE2B8BED0E00F91C9F /* CodeProfileSettingViewModel.swift in Sources */,
				A5701DF12B77887F00F126B0 /* CodeOnboardingView.swift in Sources */,
				A5701DEA2B7786A400F126B0 /* CodeOnboardingViewController.swift in Sources */,
				A53D803F2B8D5B300095EB56 /* CodeSearchResultViewModel.swift in Sources */,
				A5FB78C82B5E44FD00B3D5D9 /* PersonalInformationTableViewCell.swift in Sources */,
				A5701DF52B77C05800F126B0 /* CodeProfileSettingView.swift in Sources */,
				A5701DED2B7787D000F126B0 /* BaseViewController.swift in Sources */,
				A5701E042B7B0A5D00F126B0 /* CodeWishView.swift in Sources */,
				A5FA10FC2B8B952500F91C9F /* Observable.swift in Sources */,
				A5FB78A52B5BFF7200B3D5D9 /* Protocol + Enum.swift in Sources */,
				A5BDFD912B66BD3E00095511 /* CodeSearchViewController.swift in Sources */,
				A5701E002B7B03A000F126B0 /* CodeProductWebViewController.swift in Sources */,
				A5FB78B32B5CFEED00B3D5D9 /* NaverShoppingModel.swift in Sources */,
			);
			runOnlyForDeploymentPostprocessing = 0;
		};
/* End PBXSourcesBuildPhase section */

/* Begin PBXVariantGroup section */
		A59F844F2B59049D00F1BA27 /* LaunchScreen.storyboard */ = {
			isa = PBXVariantGroup;
			children = (
				A59F84502B59049D00F1BA27 /* Base */,
			);
			name = LaunchScreen.storyboard;
			sourceTree = "<group>";
		};
/* End PBXVariantGroup section */

/* Begin XCBuildConfiguration section */
		A59F84532B59049E00F1BA27 /* Debug */ = {
			isa = XCBuildConfiguration;
			buildSettings = {
				ALWAYS_SEARCH_USER_PATHS = NO;
				ASSETCATALOG_COMPILER_GENERATE_SWIFT_ASSET_SYMBOL_EXTENSIONS = YES;
				CLANG_ANALYZER_NONNULL = YES;
				CLANG_ANALYZER_NUMBER_OBJECT_CONVERSION = YES_AGGRESSIVE;
				CLANG_CXX_LANGUAGE_STANDARD = "gnu++20";
				CLANG_ENABLE_MODULES = YES;
				CLANG_ENABLE_OBJC_ARC = YES;
				CLANG_ENABLE_OBJC_WEAK = YES;
				CLANG_WARN_BLOCK_CAPTURE_AUTORELEASING = YES;
				CLANG_WARN_BOOL_CONVERSION = YES;
				CLANG_WARN_COMMA = YES;
				CLANG_WARN_CONSTANT_CONVERSION = YES;
				CLANG_WARN_DEPRECATED_OBJC_IMPLEMENTATIONS = YES;
				CLANG_WARN_DIRECT_OBJC_ISA_USAGE = YES_ERROR;
				CLANG_WARN_DOCUMENTATION_COMMENTS = YES;
				CLANG_WARN_EMPTY_BODY = YES;
				CLANG_WARN_ENUM_CONVERSION = YES;
				CLANG_WARN_INFINITE_RECURSION = YES;
				CLANG_WARN_INT_CONVERSION = YES;
				CLANG_WARN_NON_LITERAL_NULL_CONVERSION = YES;
				CLANG_WARN_OBJC_IMPLICIT_RETAIN_SELF = YES;
				CLANG_WARN_OBJC_LITERAL_CONVERSION = YES;
				CLANG_WARN_OBJC_ROOT_CLASS = YES_ERROR;
				CLANG_WARN_QUOTED_INCLUDE_IN_FRAMEWORK_HEADER = YES;
				CLANG_WARN_RANGE_LOOP_ANALYSIS = YES;
				CLANG_WARN_STRICT_PROTOTYPES = YES;
				CLANG_WARN_SUSPICIOUS_MOVE = YES;
				CLANG_WARN_UNGUARDED_AVAILABILITY = YES_AGGRESSIVE;
				CLANG_WARN_UNREACHABLE_CODE = YES;
				CLANG_WARN__DUPLICATE_METHOD_MATCH = YES;
				COPY_PHASE_STRIP = NO;
				DEBUG_INFORMATION_FORMAT = dwarf;
				ENABLE_STRICT_OBJC_MSGSEND = YES;
				ENABLE_TESTABILITY = YES;
				ENABLE_USER_SCRIPT_SANDBOXING = YES;
				GCC_C_LANGUAGE_STANDARD = gnu17;
				GCC_DYNAMIC_NO_PIC = NO;
				GCC_NO_COMMON_BLOCKS = YES;
				GCC_OPTIMIZATION_LEVEL = 0;
				GCC_PREPROCESSOR_DEFINITIONS = (
					"DEBUG=1",
					"$(inherited)",
				);
				GCC_WARN_64_TO_32_BIT_CONVERSION = YES;
				GCC_WARN_ABOUT_RETURN_TYPE = YES_ERROR;
				GCC_WARN_UNDECLARED_SELECTOR = YES;
				GCC_WARN_UNINITIALIZED_AUTOS = YES_AGGRESSIVE;
				GCC_WARN_UNUSED_FUNCTION = YES;
				GCC_WARN_UNUSED_VARIABLE = YES;
				IPHONEOS_DEPLOYMENT_TARGET = 17.2;
				LOCALIZATION_PREFERS_STRING_CATALOGS = YES;
				MTL_ENABLE_DEBUG_INFO = INCLUDE_SOURCE;
				MTL_FAST_MATH = YES;
				ONLY_ACTIVE_ARCH = YES;
				SDKROOT = iphoneos;
				SWIFT_ACTIVE_COMPILATION_CONDITIONS = "DEBUG $(inherited)";
				SWIFT_OPTIMIZATION_LEVEL = "-Onone";
			};
			name = Debug;
		};
		A59F84542B59049E00F1BA27 /* Release */ = {
			isa = XCBuildConfiguration;
			buildSettings = {
				ALWAYS_SEARCH_USER_PATHS = NO;
				ASSETCATALOG_COMPILER_GENERATE_SWIFT_ASSET_SYMBOL_EXTENSIONS = YES;
				CLANG_ANALYZER_NONNULL = YES;
				CLANG_ANALYZER_NUMBER_OBJECT_CONVERSION = YES_AGGRESSIVE;
				CLANG_CXX_LANGUAGE_STANDARD = "gnu++20";
				CLANG_ENABLE_MODULES = YES;
				CLANG_ENABLE_OBJC_ARC = YES;
				CLANG_ENABLE_OBJC_WEAK = YES;
				CLANG_WARN_BLOCK_CAPTURE_AUTORELEASING = YES;
				CLANG_WARN_BOOL_CONVERSION = YES;
				CLANG_WARN_COMMA = YES;
				CLANG_WARN_CONSTANT_CONVERSION = YES;
				CLANG_WARN_DEPRECATED_OBJC_IMPLEMENTATIONS = YES;
				CLANG_WARN_DIRECT_OBJC_ISA_USAGE = YES_ERROR;
				CLANG_WARN_DOCUMENTATION_COMMENTS = YES;
				CLANG_WARN_EMPTY_BODY = YES;
				CLANG_WARN_ENUM_CONVERSION = YES;
				CLANG_WARN_INFINITE_RECURSION = YES;
				CLANG_WARN_INT_CONVERSION = YES;
				CLANG_WARN_NON_LITERAL_NULL_CONVERSION = YES;
				CLANG_WARN_OBJC_IMPLICIT_RETAIN_SELF = YES;
				CLANG_WARN_OBJC_LITERAL_CONVERSION = YES;
				CLANG_WARN_OBJC_ROOT_CLASS = YES_ERROR;
				CLANG_WARN_QUOTED_INCLUDE_IN_FRAMEWORK_HEADER = YES;
				CLANG_WARN_RANGE_LOOP_ANALYSIS = YES;
				CLANG_WARN_STRICT_PROTOTYPES = YES;
				CLANG_WARN_SUSPICIOUS_MOVE = YES;
				CLANG_WARN_UNGUARDED_AVAILABILITY = YES_AGGRESSIVE;
				CLANG_WARN_UNREACHABLE_CODE = YES;
				CLANG_WARN__DUPLICATE_METHOD_MATCH = YES;
				COPY_PHASE_STRIP = NO;
				DEBUG_INFORMATION_FORMAT = "dwarf-with-dsym";
				ENABLE_NS_ASSERTIONS = NO;
				ENABLE_STRICT_OBJC_MSGSEND = YES;
				ENABLE_USER_SCRIPT_SANDBOXING = YES;
				GCC_C_LANGUAGE_STANDARD = gnu17;
				GCC_NO_COMMON_BLOCKS = YES;
				GCC_WARN_64_TO_32_BIT_CONVERSION = YES;
				GCC_WARN_ABOUT_RETURN_TYPE = YES_ERROR;
				GCC_WARN_UNDECLARED_SELECTOR = YES;
				GCC_WARN_UNINITIALIZED_AUTOS = YES_AGGRESSIVE;
				GCC_WARN_UNUSED_FUNCTION = YES;
				GCC_WARN_UNUSED_VARIABLE = YES;
				IPHONEOS_DEPLOYMENT_TARGET = 17.2;
				LOCALIZATION_PREFERS_STRING_CATALOGS = YES;
				MTL_ENABLE_DEBUG_INFO = NO;
				MTL_FAST_MATH = YES;
				SDKROOT = iphoneos;
				SWIFT_COMPILATION_MODE = wholemodule;
				VALIDATE_PRODUCT = YES;
			};
			name = Release;
		};
		A59F84562B59049E00F1BA27 /* Debug */ = {
			isa = XCBuildConfiguration;
			buildSettings = {
				ASSETCATALOG_COMPILER_APPICON_NAME = AppIcon;
				ASSETCATALOG_COMPILER_GLOBAL_ACCENT_COLOR_NAME = AccentColor;
				CODE_SIGN_STYLE = Automatic;
				CURRENT_PROJECT_VERSION = 1;
				DEVELOPMENT_TEAM = VRPU7TR7JK;
				GENERATE_INFOPLIST_FILE = YES;
				INFOPLIST_FILE = SeSACRecapAssignment/Info.plist;
				INFOPLIST_KEY_CFBundleDisplayName = "이승환";
				INFOPLIST_KEY_UIApplicationSupportsIndirectInputEvents = YES;
				INFOPLIST_KEY_UILaunchStoryboardName = LaunchScreen;
				INFOPLIST_KEY_UIMainStoryboardFile = Main;
				INFOPLIST_KEY_UISupportedInterfaceOrientations = UIInterfaceOrientationPortrait;
				INFOPLIST_KEY_UISupportedInterfaceOrientations_iPad = "UIInterfaceOrientationLandscapeLeft UIInterfaceOrientationLandscapeRight UIInterfaceOrientationPortrait UIInterfaceOrientationPortraitUpsideDown";
				IPHONEOS_DEPLOYMENT_TARGET = 15.0;
				LD_RUNPATH_SEARCH_PATHS = (
					"$(inherited)",
					"@executable_path/Frameworks",
				);
				MARKETING_VERSION = 1.0;
				PRODUCT_BUNDLE_IDENTIFIER = com.ungQ.SeSACRecapAssignment;
				PRODUCT_NAME = "$(TARGET_NAME)";
				SUPPORTED_PLATFORMS = "iphoneos iphonesimulator";
				SUPPORTS_MACCATALYST = NO;
				SUPPORTS_MAC_DESIGNED_FOR_IPHONE_IPAD = NO;
				SUPPORTS_XR_DESIGNED_FOR_IPHONE_IPAD = NO;
				SWIFT_EMIT_LOC_STRINGS = YES;
				SWIFT_VERSION = 5.0;
				TARGETED_DEVICE_FAMILY = 1;
			};
			name = Debug;
		};
		A59F84572B59049E00F1BA27 /* Release */ = {
			isa = XCBuildConfiguration;
			buildSettings = {
				ASSETCATALOG_COMPILER_APPICON_NAME = AppIcon;
				ASSETCATALOG_COMPILER_GLOBAL_ACCENT_COLOR_NAME = AccentColor;
				CODE_SIGN_STYLE = Automatic;
				CURRENT_PROJECT_VERSION = 1;
				DEVELOPMENT_TEAM = VRPU7TR7JK;
				GENERATE_INFOPLIST_FILE = YES;
				INFOPLIST_FILE = SeSACRecapAssignment/Info.plist;
				INFOPLIST_KEY_CFBundleDisplayName = "이승환";
				INFOPLIST_KEY_UIApplicationSupportsIndirectInputEvents = YES;
				INFOPLIST_KEY_UILaunchStoryboardName = LaunchScreen;
				INFOPLIST_KEY_UIMainStoryboardFile = Main;
				INFOPLIST_KEY_UISupportedInterfaceOrientations = UIInterfaceOrientationPortrait;
				INFOPLIST_KEY_UISupportedInterfaceOrientations_iPad = "UIInterfaceOrientationLandscapeLeft UIInterfaceOrientationLandscapeRight UIInterfaceOrientationPortrait UIInterfaceOrientationPortraitUpsideDown";
				IPHONEOS_DEPLOYMENT_TARGET = 15.0;
				LD_RUNPATH_SEARCH_PATHS = (
					"$(inherited)",
					"@executable_path/Frameworks",
				);
				MARKETING_VERSION = 1.0;
				PRODUCT_BUNDLE_IDENTIFIER = com.ungQ.SeSACRecapAssignment;
				PRODUCT_NAME = "$(TARGET_NAME)";
				SUPPORTED_PLATFORMS = "iphoneos iphonesimulator";
				SUPPORTS_MACCATALYST = NO;
				SUPPORTS_MAC_DESIGNED_FOR_IPHONE_IPAD = NO;
				SUPPORTS_XR_DESIGNED_FOR_IPHONE_IPAD = NO;
				SWIFT_EMIT_LOC_STRINGS = YES;
				SWIFT_VERSION = 5.0;
				TARGETED_DEVICE_FAMILY = 1;
			};
			name = Release;
		};
/* End XCBuildConfiguration section */

/* Begin XCConfigurationList section */
		A59F843C2B59049B00F1BA27 /* Build configuration list for PBXProject "SeSACRecapAssignment" */ = {
			isa = XCConfigurationList;
			buildConfigurations = (
				A59F84532B59049E00F1BA27 /* Debug */,
				A59F84542B59049E00F1BA27 /* Release */,
			);
			defaultConfigurationIsVisible = 0;
			defaultConfigurationName = Release;
		};
		A59F84552B59049E00F1BA27 /* Build configuration list for PBXNativeTarget "SeSACRecapAssignment" */ = {
			isa = XCConfigurationList;
			buildConfigurations = (
				A59F84562B59049E00F1BA27 /* Debug */,
				A59F84572B59049E00F1BA27 /* Release */,
			);
			defaultConfigurationIsVisible = 0;
			defaultConfigurationName = Release;
		};
/* End XCConfigurationList section */

/* Begin XCRemoteSwiftPackageReference section */
		A5BDFD6B2B62ABC200095511 /* XCRemoteSwiftPackageReference "Toast-Swift" */ = {
			isa = XCRemoteSwiftPackageReference;
			repositoryURL = "https://github.com/scalessec/Toast-Swift.git";
			requirement = {
				kind = upToNextMajorVersion;
				minimumVersion = 5.1.0;
			};
		};
		A5BDFD942B66C06700095511 /* XCRemoteSwiftPackageReference "SnapKit" */ = {
			isa = XCRemoteSwiftPackageReference;
			repositoryURL = "https://github.com/SnapKit/SnapKit.git";
			requirement = {
				kind = upToNextMajorVersion;
				minimumVersion = 5.7.0;
			};
		};
		A5FB78AD2B5CFB7E00B3D5D9 /* XCRemoteSwiftPackageReference "Alamofire" */ = {
			isa = XCRemoteSwiftPackageReference;
			repositoryURL = "https://github.com/Alamofire/Alamofire.git";
			requirement = {
				kind = upToNextMajorVersion;
				minimumVersion = 5.8.1;
			};
		};
		A5FB78B82B5D285500B3D5D9 /* XCRemoteSwiftPackageReference "Kingfisher" */ = {
			isa = XCRemoteSwiftPackageReference;
			repositoryURL = "https://github.com/onevcat/Kingfisher.git";
			requirement = {
				kind = upToNextMajorVersion;
				minimumVersion = 7.10.2;
			};
		};
/* End XCRemoteSwiftPackageReference section */

/* Begin XCSwiftPackageProductDependency section */
		A5BDFD6C2B62ABC200095511 /* Toast */ = {
			isa = XCSwiftPackageProductDependency;
			package = A5BDFD6B2B62ABC200095511 /* XCRemoteSwiftPackageReference "Toast-Swift" */;
			productName = Toast;
		};
		A5BDFD952B66C06700095511 /* SnapKit */ = {
			isa = XCSwiftPackageProductDependency;
			package = A5BDFD942B66C06700095511 /* XCRemoteSwiftPackageReference "SnapKit" */;
			productName = SnapKit;
		};
		A5BDFD972B66C06700095511 /* SnapKit-Dynamic */ = {
			isa = XCSwiftPackageProductDependency;
			package = A5BDFD942B66C06700095511 /* XCRemoteSwiftPackageReference "SnapKit" */;
			productName = "SnapKit-Dynamic";
		};
		A5FB78AE2B5CFB7E00B3D5D9 /* Alamofire */ = {
			isa = XCSwiftPackageProductDependency;
			package = A5FB78AD2B5CFB7E00B3D5D9 /* XCRemoteSwiftPackageReference "Alamofire" */;
			productName = Alamofire;
		};
		A5FB78B92B5D285500B3D5D9 /* Kingfisher */ = {
			isa = XCSwiftPackageProductDependency;
			package = A5FB78B82B5D285500B3D5D9 /* XCRemoteSwiftPackageReference "Kingfisher" */;
			productName = Kingfisher;
		};
/* End XCSwiftPackageProductDependency section */
	};
	rootObject = A59F84392B59049B00F1BA27 /* Project object */;
}
