// !$*UTF8*$!
{
	archiveVersion = 1;
	classes = {
	};
	objectVersion = 56;
	objects = {

/* Begin PBXBuildFile section */
		A59F84452B59049B00F1BA27 /* AppDelegate.swift in Sources */ = {isa = PBXBuildFile; fileRef = A59F84442B59049B00F1BA27 /* AppDelegate.swift */; };
		A59F84472B59049B00F1BA27 /* SceneDelegate.swift in Sources */ = {isa = PBXBuildFile; fileRef = A59F84462B59049B00F1BA27 /* SceneDelegate.swift */; };
		A59F84492B59049B00F1BA27 /* OnboardingViewController.swift in Sources */ = {isa = PBXBuildFile; fileRef = A59F84482B59049B00F1BA27 /* OnboardingViewController.swift */; };
		A59F844C2B59049B00F1BA27 /* Onboarding.storyboard in Resources */ = {isa = PBXBuildFile; fileRef = A59F844A2B59049B00F1BA27 /* Onboarding.storyboard */; };
		A59F844E2B59049D00F1BA27 /* Assets.xcassets in Resources */ = {isa = PBXBuildFile; fileRef = A59F844D2B59049D00F1BA27 /* Assets.xcassets */; };
		A59F84512B59049D00F1BA27 /* LaunchScreen.storyboard in Resources */ = {isa = PBXBuildFile; fileRef = A59F844F2B59049D00F1BA27 /* LaunchScreen.storyboard */; };
		A59F845A2B5912CC00F1BA27 /* ProfileSettingViewController.swift in Sources */ = {isa = PBXBuildFile; fileRef = A59F84592B5912CC00F1BA27 /* ProfileSettingViewController.swift */; };
		A59F84612B5999CE00F1BA27 /* ProfileImageSettingViewController.swift in Sources */ = {isa = PBXBuildFile; fileRef = A59F84602B5999CE00F1BA27 /* ProfileImageSettingViewController.swift */; };
		A5BDFD6A2B62A6A100095511 /* .gitignore in Resources */ = {isa = PBXBuildFile; fileRef = A5BDFD692B62A6A100095511 /* .gitignore */; };
		A5FB78A52B5BFF7200B3D5D9 /* Protocol + Enum.swift in Sources */ = {isa = PBXBuildFile; fileRef = A5FB78A42B5BFF7200B3D5D9 /* Protocol + Enum.swift */; };
		A5FB78A72B5C278700B3D5D9 /* Main.storyboard in Resources */ = {isa = PBXBuildFile; fileRef = A5FB78A62B5C278700B3D5D9 /* Main.storyboard */; };
		A5FB78AA2B5C287300B3D5D9 /* SearchViewController.swift in Sources */ = {isa = PBXBuildFile; fileRef = A5FB78A92B5C287300B3D5D9 /* SearchViewController.swift */; };
		A5FB78AC2B5C3B8000B3D5D9 /* SearchTableViewCell.swift in Sources */ = {isa = PBXBuildFile; fileRef = A5FB78AB2B5C3B8000B3D5D9 /* SearchTableViewCell.swift */; };
		A5FB78AF2B5CFB7E00B3D5D9 /* Alamofire in Frameworks */ = {isa = PBXBuildFile; productRef = A5FB78AE2B5CFB7E00B3D5D9 /* Alamofire */; };
		A5FB78B12B5CFC7800B3D5D9 /* APIKey.swift in Sources */ = {isa = PBXBuildFile; fileRef = A5FB78B02B5CFC7800B3D5D9 /* APIKey.swift */; };
		A5FB78B32B5CFEED00B3D5D9 /* NaverShopping.swift in Sources */ = {isa = PBXBuildFile; fileRef = A5FB78B22B5CFEED00B3D5D9 /* NaverShopping.swift */; };
		A5FB78B52B5D029800B3D5D9 /* SearchResultViewController.swift in Sources */ = {isa = PBXBuildFile; fileRef = A5FB78B42B5D029800B3D5D9 /* SearchResultViewController.swift */; };
		A5FB78B72B5D036D00B3D5D9 /* SearchResultCollectionViewCell.swift in Sources */ = {isa = PBXBuildFile; fileRef = A5FB78B62B5D036D00B3D5D9 /* SearchResultCollectionViewCell.swift */; };
		A5FB78BA2B5D285500B3D5D9 /* Kingfisher in Frameworks */ = {isa = PBXBuildFile; productRef = A5FB78B92B5D285500B3D5D9 /* Kingfisher */; };
		A5FB78BC2B5D8AE900B3D5D9 /* ProductWebViewController.swift in Sources */ = {isa = PBXBuildFile; fileRef = A5FB78BB2B5D8AE900B3D5D9 /* ProductWebViewController.swift */; };
		A5FB78C52B5E443D00B3D5D9 /* SettingViewController.swift in Sources */ = {isa = PBXBuildFile; fileRef = A5FB78C42B5E443D00B3D5D9 /* SettingViewController.swift */; };
		A5FB78C82B5E44FD00B3D5D9 /* PersonalInformationTableViewCell.swift in Sources */ = {isa = PBXBuildFile; fileRef = A5FB78C62B5E44FD00B3D5D9 /* PersonalInformationTableViewCell.swift */; };
		A5FB78C92B5E44FD00B3D5D9 /* PersonalInformationTableViewCell.xib in Resources */ = {isa = PBXBuildFile; fileRef = A5FB78C72B5E44FD00B3D5D9 /* PersonalInformationTableViewCell.xib */; };
		A5FB78CC2B5E451100B3D5D9 /* SettingTableViewCell.swift in Sources */ = {isa = PBXBuildFile; fileRef = A5FB78CA2B5E451100B3D5D9 /* SettingTableViewCell.swift */; };
		A5FB78CD2B5E451100B3D5D9 /* SettingTableViewCell.xib in Resources */ = {isa = PBXBuildFile; fileRef = A5FB78CB2B5E451100B3D5D9 /* SettingTableViewCell.xib */; };
/* End PBXBuildFile section */

/* Begin PBXFileReference section */
		A59F84412B59049B00F1BA27 /* SeSACRecapAssignment.app */ = {isa = PBXFileReference; explicitFileType = wrapper.application; includeInIndex = 0; path = SeSACRecapAssignment.app; sourceTree = BUILT_PRODUCTS_DIR; };
		A59F84442B59049B00F1BA27 /* AppDelegate.swift */ = {isa = PBXFileReference; lastKnownFileType = sourcecode.swift; path = AppDelegate.swift; sourceTree = "<group>"; };
		A59F84462B59049B00F1BA27 /* SceneDelegate.swift */ = {isa = PBXFileReference; lastKnownFileType = sourcecode.swift; path = SceneDelegate.swift; sourceTree = "<group>"; };
		A59F84482B59049B00F1BA27 /* OnboardingViewController.swift */ = {isa = PBXFileReference; lastKnownFileType = sourcecode.swift; path = OnboardingViewController.swift; sourceTree = "<group>"; };
		A59F844B2B59049B00F1BA27 /* Base */ = {isa = PBXFileReference; lastKnownFileType = file.storyboard; name = Base; path = Base.lproj/Onboarding.storyboard; sourceTree = "<group>"; };
		A59F844D2B59049D00F1BA27 /* Assets.xcassets */ = {isa = PBXFileReference; lastKnownFileType = folder.assetcatalog; path = Assets.xcassets; sourceTree = "<group>"; };
		A59F84502B59049D00F1BA27 /* Base */ = {isa = PBXFileReference; lastKnownFileType = file.storyboard; name = Base; path = Base.lproj/LaunchScreen.storyboard; sourceTree = "<group>"; };
		A59F84522B59049E00F1BA27 /* Info.plist */ = {isa = PBXFileReference; lastKnownFileType = text.plist.xml; path = Info.plist; sourceTree = "<group>"; };
		A59F84592B5912CC00F1BA27 /* ProfileSettingViewController.swift */ = {isa = PBXFileReference; lastKnownFileType = sourcecode.swift; path = ProfileSettingViewController.swift; sourceTree = "<group>"; };
		A59F84602B5999CE00F1BA27 /* ProfileImageSettingViewController.swift */ = {isa = PBXFileReference; lastKnownFileType = sourcecode.swift; path = ProfileImageSettingViewController.swift; sourceTree = "<group>"; };
		A5BDFD692B62A6A100095511 /* .gitignore */ = {isa = PBXFileReference; lastKnownFileType = text; path = .gitignore; sourceTree = "<group>"; };
		A5FB78A42B5BFF7200B3D5D9 /* Protocol + Enum.swift */ = {isa = PBXFileReference; lastKnownFileType = sourcecode.swift; path = "Protocol + Enum.swift"; sourceTree = "<group>"; };
		A5FB78A62B5C278700B3D5D9 /* Main.storyboard */ = {isa = PBXFileReference; lastKnownFileType = file.storyboard; path = Main.storyboard; sourceTree = "<group>"; };
		A5FB78A92B5C287300B3D5D9 /* SearchViewController.swift */ = {isa = PBXFileReference; lastKnownFileType = sourcecode.swift; path = SearchViewController.swift; sourceTree = "<group>"; };
		A5FB78AB2B5C3B8000B3D5D9 /* SearchTableViewCell.swift */ = {isa = PBXFileReference; lastKnownFileType = sourcecode.swift; path = SearchTableViewCell.swift; sourceTree = "<group>"; };
		A5FB78B02B5CFC7800B3D5D9 /* APIKey.swift */ = {isa = PBXFileReference; lastKnownFileType = sourcecode.swift; path = APIKey.swift; sourceTree = "<group>"; };
		A5FB78B22B5CFEED00B3D5D9 /* NaverShopping.swift */ = {isa = PBXFileReference; lastKnownFileType = sourcecode.swift; path = NaverShopping.swift; sourceTree = "<group>"; };
		A5FB78B42B5D029800B3D5D9 /* SearchResultViewController.swift */ = {isa = PBXFileReference; lastKnownFileType = sourcecode.swift; path = SearchResultViewController.swift; sourceTree = "<group>"; };
		A5FB78B62B5D036D00B3D5D9 /* SearchResultCollectionViewCell.swift */ = {isa = PBXFileReference; lastKnownFileType = sourcecode.swift; path = SearchResultCollectionViewCell.swift; sourceTree = "<group>"; };
		A5FB78BB2B5D8AE900B3D5D9 /* ProductWebViewController.swift */ = {isa = PBXFileReference; lastKnownFileType = sourcecode.swift; path = ProductWebViewController.swift; sourceTree = "<group>"; };
		A5FB78C42B5E443D00B3D5D9 /* SettingViewController.swift */ = {isa = PBXFileReference; lastKnownFileType = sourcecode.swift; path = SettingViewController.swift; sourceTree = "<group>"; };
		A5FB78C62B5E44FD00B3D5D9 /* PersonalInformationTableViewCell.swift */ = {isa = PBXFileReference; lastKnownFileType = sourcecode.swift; path = PersonalInformationTableViewCell.swift; sourceTree = "<group>"; };
		A5FB78C72B5E44FD00B3D5D9 /* PersonalInformationTableViewCell.xib */ = {isa = PBXFileReference; lastKnownFileType = file.xib; path = PersonalInformationTableViewCell.xib; sourceTree = "<group>"; };
		A5FB78CA2B5E451100B3D5D9 /* SettingTableViewCell.swift */ = {isa = PBXFileReference; lastKnownFileType = sourcecode.swift; path = SettingTableViewCell.swift; sourceTree = "<group>"; };
		A5FB78CB2B5E451100B3D5D9 /* SettingTableViewCell.xib */ = {isa = PBXFileReference; lastKnownFileType = file.xib; path = SettingTableViewCell.xib; sourceTree = "<group>"; };
/* End PBXFileReference section */

/* Begin PBXFrameworksBuildPhase section */
		A59F843E2B59049B00F1BA27 /* Frameworks */ = {
			isa = PBXFrameworksBuildPhase;
			buildActionMask = 2147483647;
			files = (
				A5FB78BA2B5D285500B3D5D9 /* Kingfisher in Frameworks */,
				A5FB78AF2B5CFB7E00B3D5D9 /* Alamofire in Frameworks */,
			);
			runOnlyForDeploymentPostprocessing = 0;
		};
/* End PBXFrameworksBuildPhase section */

/* Begin PBXGroup section */
		A59F84382B59049B00F1BA27 = {
			isa = PBXGroup;
			children = (
				A5BDFD692B62A6A100095511 /* .gitignore */,
				A59F84432B59049B00F1BA27 /* SeSACRecapAssignment */,
				A59F84422B59049B00F1BA27 /* Products */,
			);
			sourceTree = "<group>";
		};
		A59F84422B59049B00F1BA27 /* Products */ = {
			isa = PBXGroup;
			children = (
				A59F84412B59049B00F1BA27 /* SeSACRecapAssignment.app */,
			);
			name = Products;
			sourceTree = "<group>";
		};
		A59F84432B59049B00F1BA27 /* SeSACRecapAssignment */ = {
			isa = PBXGroup;
			children = (
				A5FB78A32B5BFF4E00B3D5D9 /* Protocol + Enum */,
				A59F84582B59093600F1BA27 /* Onboarding */,
				A5FB78A82B5C278C00B3D5D9 /* Shopping */,
				A5FB78C32B5E436C00B3D5D9 /* Setting */,
				A59F84442B59049B00F1BA27 /* AppDelegate.swift */,
				A59F84462B59049B00F1BA27 /* SceneDelegate.swift */,
				A5FB78A62B5C278700B3D5D9 /* Main.storyboard */,
				A59F844D2B59049D00F1BA27 /* Assets.xcassets */,
				A59F844F2B59049D00F1BA27 /* LaunchScreen.storyboard */,
				A59F84522B59049E00F1BA27 /* Info.plist */,
				A5FB78B02B5CFC7800B3D5D9 /* APIKey.swift */,
			);
			path = SeSACRecapAssignment;
			sourceTree = "<group>";
		};
		A59F84582B59093600F1BA27 /* Onboarding */ = {
			isa = PBXGroup;
			children = (
				A59F844A2B59049B00F1BA27 /* Onboarding.storyboard */,
				A59F84482B59049B00F1BA27 /* OnboardingViewController.swift */,
				A59F84592B5912CC00F1BA27 /* ProfileSettingViewController.swift */,
				A59F84602B5999CE00F1BA27 /* ProfileImageSettingViewController.swift */,
			);
			path = Onboarding;
			sourceTree = "<group>";
		};
		A5FB78A32B5BFF4E00B3D5D9 /* Protocol + Enum */ = {
			isa = PBXGroup;
			children = (
				A5FB78A42B5BFF7200B3D5D9 /* Protocol + Enum.swift */,
			);
			path = "Protocol + Enum";
			sourceTree = "<group>";
		};
		A5FB78A82B5C278C00B3D5D9 /* Shopping */ = {
			isa = PBXGroup;
			children = (
				A5FB78B22B5CFEED00B3D5D9 /* NaverShopping.swift */,
				A5FB78A92B5C287300B3D5D9 /* SearchViewController.swift */,
				A5FB78AB2B5C3B8000B3D5D9 /* SearchTableViewCell.swift */,
				A5FB78B42B5D029800B3D5D9 /* SearchResultViewController.swift */,
				A5FB78B62B5D036D00B3D5D9 /* SearchResultCollectionViewCell.swift */,
				A5FB78BB2B5D8AE900B3D5D9 /* ProductWebViewController.swift */,
			);
			path = Shopping;
			sourceTree = "<group>";
		};
		A5FB78C32B5E436C00B3D5D9 /* Setting */ = {
			isa = PBXGroup;
			children = (
				A5FB78C42B5E443D00B3D5D9 /* SettingViewController.swift */,
				A5FB78C62B5E44FD00B3D5D9 /* PersonalInformationTableViewCell.swift */,
				A5FB78C72B5E44FD00B3D5D9 /* PersonalInformationTableViewCell.xib */,
				A5FB78CA2B5E451100B3D5D9 /* SettingTableViewCell.swift */,
				A5FB78CB2B5E451100B3D5D9 /* SettingTableViewCell.xib */,
			);
			path = Setting;
			sourceTree = "<group>";
		};
/* End PBXGroup section */

/* Begin PBXNativeTarget section */
		A59F84402B59049B00F1BA27 /* SeSACRecapAssignment */ = {
			isa = PBXNativeTarget;
			buildConfigurationList = A59F84552B59049E00F1BA27 /* Build configuration list for PBXNativeTarget "SeSACRecapAssignment" */;
			buildPhases = (
				A59F843D2B59049B00F1BA27 /* Sources */,
				A59F843E2B59049B00F1BA27 /* Frameworks */,
				A59F843F2B59049B00F1BA27 /* Resources */,
			);
			buildRules = (
			);
			dependencies = (
			);
			name = SeSACRecapAssignment;
			packageProductDependencies = (
				A5FB78AE2B5CFB7E00B3D5D9 /* Alamofire */,
				A5FB78B92B5D285500B3D5D9 /* Kingfisher */,
			);
			productName = SeSACRecapAssignment;
			productReference = A59F84412B59049B00F1BA27 /* SeSACRecapAssignment.app */;
			productType = "com.apple.product-type.application";
		};
/* End PBXNativeTarget section */

/* Begin PBXProject section */
		A59F84392B59049B00F1BA27 /* Project object */ = {
			isa = PBXProject;
			attributes = {
				BuildIndependentTargetsInParallel = 1;
				LastSwiftUpdateCheck = 1520;
				LastUpgradeCheck = 1520;
				TargetAttributes = {
					A59F84402B59049B00F1BA27 = {
						CreatedOnToolsVersion = 15.2;
					};
				};
			};
			buildConfigurationList = A59F843C2B59049B00F1BA27 /* Build configuration list for PBXProject "SeSACRecapAssignment" */;
			compatibilityVersion = "Xcode 14.0";
			developmentRegion = en;
			hasScannedForEncodings = 0;
			knownRegions = (
				en,
				Base,
			);
			mainGroup = A59F84382B59049B00F1BA27;
			packageReferences = (
				A5FB78AD2B5CFB7E00B3D5D9 /* XCRemoteSwiftPackageReference "Alamofire" */,
				A5FB78B82B5D285500B3D5D9 /* XCRemoteSwiftPackageReference "Kingfisher" */,
			);
			productRefGroup = A59F84422B59049B00F1BA27 /* Products */;
			projectDirPath = "";
			projectRoot = "";
			targets = (
				A59F84402B59049B00F1BA27 /* SeSACRecapAssignment */,
			);
		};
/* End PBXProject section */

/* Begin PBXResourcesBuildPhase section */
		A59F843F2B59049B00F1BA27 /* Resources */ = {
			isa = PBXResourcesBuildPhase;
			buildActionMask = 2147483647;
			files = (
				A5FB78C92B5E44FD00B3D5D9 /* PersonalInformationTableViewCell.xib in Resources */,
				A5BDFD6A2B62A6A100095511 /* .gitignore in Resources */,
				A59F84512B59049D00F1BA27 /* LaunchScreen.storyboard in Resources */,
				A5FB78CD2B5E451100B3D5D9 /* SettingTableViewCell.xib in Resources */,
				A59F844E2B59049D00F1BA27 /* Assets.xcassets in Resources */,
				A5FB78A72B5C278700B3D5D9 /* Main.storyboard in Resources */,
				A59F844C2B59049B00F1BA27 /* Onboarding.storyboard in Resources */,
			);
			runOnlyForDeploymentPostprocessing = 0;
		};
/* End PBXResourcesBuildPhase section */

/* Begin PBXSourcesBuildPhase section */
		A59F843D2B59049B00F1BA27 /* Sources */ = {
			isa = PBXSourcesBuildPhase;
			buildActionMask = 2147483647;
			files = (
				A5FB78AC2B5C3B8000B3D5D9 /* SearchTableViewCell.swift in Sources */,
				A59F84492B59049B00F1BA27 /* OnboardingViewController.swift in Sources */,
				A59F84612B5999CE00F1BA27 /* ProfileImageSettingViewController.swift in Sources */,
				A5FB78AA2B5C287300B3D5D9 /* SearchViewController.swift in Sources */,
				A5FB78B12B5CFC7800B3D5D9 /* APIKey.swift in Sources */,
				A5FB78C52B5E443D00B3D5D9 /* SettingViewController.swift in Sources */,
				A5FB78CC2B5E451100B3D5D9 /* SettingTableViewCell.swift in Sources */,
				A5FB78BC2B5D8AE900B3D5D9 /* ProductWebViewController.swift in Sources */,
				A59F84452B59049B00F1BA27 /* AppDelegate.swift in Sources */,
				A59F84472B59049B00F1BA27 /* SceneDelegate.swift in Sources */,
				A59F845A2B5912CC00F1BA27 /* ProfileSettingViewController.swift in Sources */,
				A5FB78B72B5D036D00B3D5D9 /* SearchResultCollectionViewCell.swift in Sources */,
				A5FB78C82B5E44FD00B3D5D9 /* PersonalInformationTableViewCell.swift in Sources */,
				A5FB78A52B5BFF7200B3D5D9 /* Protocol + Enum.swift in Sources */,
				A5FB78B52B5D029800B3D5D9 /* SearchResultViewController.swift in Sources */,
				A5FB78B32B5CFEED00B3D5D9 /* NaverShopping.swift in Sources */,
			);
			runOnlyForDeploymentPostprocessing = 0;
		};
/* End PBXSourcesBuildPhase section */

/* Begin PBXVariantGroup section */
		A59F844A2B59049B00F1BA27 /* Onboarding.storyboard */ = {
			isa = PBXVariantGroup;
			children = (
				A59F844B2B59049B00F1BA27 /* Base */,
			);
			name = Onboarding.storyboard;
			sourceTree = "<group>";
		};
		A59F844F2B59049D00F1BA27 /* LaunchScreen.storyboard */ = {
			isa = PBXVariantGroup;
			children = (
				A59F84502B59049D00F1BA27 /* Base */,
			);
			name = LaunchScreen.storyboard;
			sourceTree = "<group>";
		};
/* End PBXVariantGroup section */

/* Begin XCBuildConfiguration section */
		A59F84532B59049E00F1BA27 /* Debug */ = {
			isa = XCBuildConfiguration;
			buildSettings = {
				ALWAYS_SEARCH_USER_PATHS = NO;
				ASSETCATALOG_COMPILER_GENERATE_SWIFT_ASSET_SYMBOL_EXTENSIONS = YES;
				CLANG_ANALYZER_NONNULL = YES;
				CLANG_ANALYZER_NUMBER_OBJECT_CONVERSION = YES_AGGRESSIVE;
				CLANG_CXX_LANGUAGE_STANDARD = "gnu++20";
				CLANG_ENABLE_MODULES = YES;
				CLANG_ENABLE_OBJC_ARC = YES;
				CLANG_ENABLE_OBJC_WEAK = YES;
				CLANG_WARN_BLOCK_CAPTURE_AUTORELEASING = YES;
				CLANG_WARN_BOOL_CONVERSION = YES;
				CLANG_WARN_COMMA = YES;
				CLANG_WARN_CONSTANT_CONVERSION = YES;
				CLANG_WARN_DEPRECATED_OBJC_IMPLEMENTATIONS = YES;
				CLANG_WARN_DIRECT_OBJC_ISA_USAGE = YES_ERROR;
				CLANG_WARN_DOCUMENTATION_COMMENTS = YES;
				CLANG_WARN_EMPTY_BODY = YES;
				CLANG_WARN_ENUM_CONVERSION = YES;
				CLANG_WARN_INFINITE_RECURSION = YES;
				CLANG_WARN_INT_CONVERSION = YES;
				CLANG_WARN_NON_LITERAL_NULL_CONVERSION = YES;
				CLANG_WARN_OBJC_IMPLICIT_RETAIN_SELF = YES;
				CLANG_WARN_OBJC_LITERAL_CONVERSION = YES;
				CLANG_WARN_OBJC_ROOT_CLASS = YES_ERROR;
				CLANG_WARN_QUOTED_INCLUDE_IN_FRAMEWORK_HEADER = YES;
				CLANG_WARN_RANGE_LOOP_ANALYSIS = YES;
				CLANG_WARN_STRICT_PROTOTYPES = YES;
				CLANG_WARN_SUSPICIOUS_MOVE = YES;
				CLANG_WARN_UNGUARDED_AVAILABILITY = YES_AGGRESSIVE;
				CLANG_WARN_UNREACHABLE_CODE = YES;
				CLANG_WARN__DUPLICATE_METHOD_MATCH = YES;
				COPY_PHASE_STRIP = NO;
				DEBUG_INFORMATION_FORMAT = dwarf;
				ENABLE_STRICT_OBJC_MSGSEND = YES;
				ENABLE_TESTABILITY = YES;
				ENABLE_USER_SCRIPT_SANDBOXING = YES;
				GCC_C_LANGUAGE_STANDARD = gnu17;
				GCC_DYNAMIC_NO_PIC = NO;
				GCC_NO_COMMON_BLOCKS = YES;
				GCC_OPTIMIZATION_LEVEL = 0;
				GCC_PREPROCESSOR_DEFINITIONS = (
					"DEBUG=1",
					"$(inherited)",
				);
				GCC_WARN_64_TO_32_BIT_CONVERSION = YES;
				GCC_WARN_ABOUT_RETURN_TYPE = YES_ERROR;
				GCC_WARN_UNDECLARED_SELECTOR = YES;
				GCC_WARN_UNINITIALIZED_AUTOS = YES_AGGRESSIVE;
				GCC_WARN_UNUSED_FUNCTION = YES;
				GCC_WARN_UNUSED_VARIABLE = YES;
				IPHONEOS_DEPLOYMENT_TARGET = 17.2;
				LOCALIZATION_PREFERS_STRING_CATALOGS = YES;
				MTL_ENABLE_DEBUG_INFO = INCLUDE_SOURCE;
				MTL_FAST_MATH = YES;
				ONLY_ACTIVE_ARCH = YES;
				SDKROOT = iphoneos;
				SWIFT_ACTIVE_COMPILATION_CONDITIONS = "DEBUG $(inherited)";
				SWIFT_OPTIMIZATION_LEVEL = "-Onone";
			};
			name = Debug;
		};
		A59F84542B59049E00F1BA27 /* Release */ = {
			isa = XCBuildConfiguration;
			buildSettings = {
				ALWAYS_SEARCH_USER_PATHS = NO;
				ASSETCATALOG_COMPILER_GENERATE_SWIFT_ASSET_SYMBOL_EXTENSIONS = YES;
				CLANG_ANALYZER_NONNULL = YES;
				CLANG_ANALYZER_NUMBER_OBJECT_CONVERSION = YES_AGGRESSIVE;
				CLANG_CXX_LANGUAGE_STANDARD = "gnu++20";
				CLANG_ENABLE_MODULES = YES;
				CLANG_ENABLE_OBJC_ARC = YES;
				CLANG_ENABLE_OBJC_WEAK = YES;
				CLANG_WARN_BLOCK_CAPTURE_AUTORELEASING = YES;
				CLANG_WARN_BOOL_CONVERSION = YES;
				CLANG_WARN_COMMA = YES;
				CLANG_WARN_CONSTANT_CONVERSION = YES;
				CLANG_WARN_DEPRECATED_OBJC_IMPLEMENTATIONS = YES;
				CLANG_WARN_DIRECT_OBJC_ISA_USAGE = YES_ERROR;
				CLANG_WARN_DOCUMENTATION_COMMENTS = YES;
				CLANG_WARN_EMPTY_BODY = YES;
				CLANG_WARN_ENUM_CONVERSION = YES;
				CLANG_WARN_INFINITE_RECURSION = YES;
				CLANG_WARN_INT_CONVERSION = YES;
				CLANG_WARN_NON_LITERAL_NULL_CONVERSION = YES;
				CLANG_WARN_OBJC_IMPLICIT_RETAIN_SELF = YES;
				CLANG_WARN_OBJC_LITERAL_CONVERSION = YES;
				CLANG_WARN_OBJC_ROOT_CLASS = YES_ERROR;
				CLANG_WARN_QUOTED_INCLUDE_IN_FRAMEWORK_HEADER = YES;
				CLANG_WARN_RANGE_LOOP_ANALYSIS = YES;
				CLANG_WARN_STRICT_PROTOTYPES = YES;
				CLANG_WARN_SUSPICIOUS_MOVE = YES;
				CLANG_WARN_UNGUARDED_AVAILABILITY = YES_AGGRESSIVE;
				CLANG_WARN_UNREACHABLE_CODE = YES;
				CLANG_WARN__DUPLICATE_METHOD_MATCH = YES;
				COPY_PHASE_STRIP = NO;
				DEBUG_INFORMATION_FORMAT = "dwarf-with-dsym";
				ENABLE_NS_ASSERTIONS = NO;
				ENABLE_STRICT_OBJC_MSGSEND = YES;
				ENABLE_USER_SCRIPT_SANDBOXING = YES;
				GCC_C_LANGUAGE_STANDARD = gnu17;
				GCC_NO_COMMON_BLOCKS = YES;
				GCC_WARN_64_TO_32_BIT_CONVERSION = YES;
				GCC_WARN_ABOUT_RETURN_TYPE = YES_ERROR;
				GCC_WARN_UNDECLARED_SELECTOR = YES;
				GCC_WARN_UNINITIALIZED_AUTOS = YES_AGGRESSIVE;
				GCC_WARN_UNUSED_FUNCTION = YES;
				GCC_WARN_UNUSED_VARIABLE = YES;
				IPHONEOS_DEPLOYMENT_TARGET = 17.2;
				LOCALIZATION_PREFERS_STRING_CATALOGS = YES;
				MTL_ENABLE_DEBUG_INFO = NO;
				MTL_FAST_MATH = YES;
				SDKROOT = iphoneos;
				SWIFT_COMPILATION_MODE = wholemodule;
				VALIDATE_PRODUCT = YES;
			};
			name = Release;
		};
		A59F84562B59049E00F1BA27 /* Debug */ = {
			isa = XCBuildConfiguration;
			buildSettings = {
				ASSETCATALOG_COMPILER_APPICON_NAME = AppIcon;
				ASSETCATALOG_COMPILER_GLOBAL_ACCENT_COLOR_NAME = AccentColor;
				CODE_SIGN_STYLE = Automatic;
				CURRENT_PROJECT_VERSION = 1;
				DEVELOPMENT_TEAM = VRPU7TR7JK;
				GENERATE_INFOPLIST_FILE = YES;
				INFOPLIST_FILE = SeSACRecapAssignment/Info.plist;
				INFOPLIST_KEY_CFBundleDisplayName = "이승환";
				INFOPLIST_KEY_UIApplicationSupportsIndirectInputEvents = YES;
				INFOPLIST_KEY_UILaunchStoryboardName = LaunchScreen;
				INFOPLIST_KEY_UIMainStoryboardFile = Main;
				INFOPLIST_KEY_UISupportedInterfaceOrientations = UIInterfaceOrientationPortrait;
				INFOPLIST_KEY_UISupportedInterfaceOrientations_iPad = "UIInterfaceOrientationLandscapeLeft UIInterfaceOrientationLandscapeRight UIInterfaceOrientationPortrait UIInterfaceOrientationPortraitUpsideDown";
				IPHONEOS_DEPLOYMENT_TARGET = 15.0;
				LD_RUNPATH_SEARCH_PATHS = (
					"$(inherited)",
					"@executable_path/Frameworks",
				);
				MARKETING_VERSION = 1.0;
				PRODUCT_BUNDLE_IDENTIFIER = com.ungQ.SeSACRecapAssignment;
				PRODUCT_NAME = "$(TARGET_NAME)";
				SUPPORTED_PLATFORMS = "iphoneos iphonesimulator";
				SUPPORTS_MACCATALYST = NO;
				SUPPORTS_MAC_DESIGNED_FOR_IPHONE_IPAD = NO;
				SUPPORTS_XR_DESIGNED_FOR_IPHONE_IPAD = NO;
				SWIFT_EMIT_LOC_STRINGS = YES;
				SWIFT_VERSION = 5.0;
				TARGETED_DEVICE_FAMILY = 1;
			};
			name = Debug;
		};
		A59F84572B59049E00F1BA27 /* Release */ = {
			isa = XCBuildConfiguration;
			buildSettings = {
				ASSETCATALOG_COMPILER_APPICON_NAME = AppIcon;
				ASSETCATALOG_COMPILER_GLOBAL_ACCENT_COLOR_NAME = AccentColor;
				CODE_SIGN_STYLE = Automatic;
				CURRENT_PROJECT_VERSION = 1;
				DEVELOPMENT_TEAM = VRPU7TR7JK;
				GENERATE_INFOPLIST_FILE = YES;
				INFOPLIST_FILE = SeSACRecapAssignment/Info.plist;
				INFOPLIST_KEY_CFBundleDisplayName = "이승환";
				INFOPLIST_KEY_UIApplicationSupportsIndirectInputEvents = YES;
				INFOPLIST_KEY_UILaunchStoryboardName = LaunchScreen;
				INFOPLIST_KEY_UIMainStoryboardFile = Main;
				INFOPLIST_KEY_UISupportedInterfaceOrientations = UIInterfaceOrientationPortrait;
				INFOPLIST_KEY_UISupportedInterfaceOrientations_iPad = "UIInterfaceOrientationLandscapeLeft UIInterfaceOrientationLandscapeRight UIInterfaceOrientationPortrait UIInterfaceOrientationPortraitUpsideDown";
				IPHONEOS_DEPLOYMENT_TARGET = 15.0;
				LD_RUNPATH_SEARCH_PATHS = (
					"$(inherited)",
					"@executable_path/Frameworks",
				);
				MARKETING_VERSION = 1.0;
				PRODUCT_BUNDLE_IDENTIFIER = com.ungQ.SeSACRecapAssignment;
				PRODUCT_NAME = "$(TARGET_NAME)";
				SUPPORTED_PLATFORMS = "iphoneos iphonesimulator";
				SUPPORTS_MACCATALYST = NO;
				SUPPORTS_MAC_DESIGNED_FOR_IPHONE_IPAD = NO;
				SUPPORTS_XR_DESIGNED_FOR_IPHONE_IPAD = NO;
				SWIFT_EMIT_LOC_STRINGS = YES;
				SWIFT_VERSION = 5.0;
				TARGETED_DEVICE_FAMILY = 1;
			};
			name = Release;
		};
/* End XCBuildConfiguration section */

/* Begin XCConfigurationList section */
		A59F843C2B59049B00F1BA27 /* Build configuration list for PBXProject "SeSACRecapAssignment" */ = {
			isa = XCConfigurationList;
			buildConfigurations = (
				A59F84532B59049E00F1BA27 /* Debug */,
				A59F84542B59049E00F1BA27 /* Release */,
			);
			defaultConfigurationIsVisible = 0;
			defaultConfigurationName = Release;
		};
		A59F84552B59049E00F1BA27 /* Build configuration list for PBXNativeTarget "SeSACRecapAssignment" */ = {
			isa = XCConfigurationList;
			buildConfigurations = (
				A59F84562B59049E00F1BA27 /* Debug */,
				A59F84572B59049E00F1BA27 /* Release */,
			);
			defaultConfigurationIsVisible = 0;
			defaultConfigurationName = Release;
		};
/* End XCConfigurationList section */

/* Begin XCRemoteSwiftPackageReference section */
		A5FB78AD2B5CFB7E00B3D5D9 /* XCRemoteSwiftPackageReference "Alamofire" */ = {
			isa = XCRemoteSwiftPackageReference;
			repositoryURL = "https://github.com/Alamofire/Alamofire.git";
			requirement = {
				kind = upToNextMajorVersion;
				minimumVersion = 5.8.1;
			};
		};
		A5FB78B82B5D285500B3D5D9 /* XCRemoteSwiftPackageReference "Kingfisher" */ = {
			isa = XCRemoteSwiftPackageReference;
			repositoryURL = "https://github.com/onevcat/Kingfisher.git";
			requirement = {
				kind = upToNextMajorVersion;
				minimumVersion = 7.10.2;
			};
		};
/* End XCRemoteSwiftPackageReference section */

/* Begin XCSwiftPackageProductDependency section */
		A5FB78AE2B5CFB7E00B3D5D9 /* Alamofire */ = {
			isa = XCSwiftPackageProductDependency;
			package = A5FB78AD2B5CFB7E00B3D5D9 /* XCRemoteSwiftPackageReference "Alamofire" */;
			productName = Alamofire;
		};
		A5FB78B92B5D285500B3D5D9 /* Kingfisher */ = {
			isa = XCSwiftPackageProductDependency;
			package = A5FB78B82B5D285500B3D5D9 /* XCRemoteSwiftPackageReference "Kingfisher" */;
			productName = Kingfisher;
		};
/* End XCSwiftPackageProductDependency section */
	};
	rootObject = A59F84392B59049B00F1BA27 /* Project object */;
}
